{
  "pins" : [
    {
      "identity" : "ios-library",
      "kind" : "remoteSourceControl",
      "location" : "https://github.com/urbanairship/ios-library.git",
      "state" : {
        "revision" : "fdca25d25a26c9f979f9e2ec739c7e5f298b77ca",
        "version" : "18.12.2"
      }
    }
  ],
  "version" : 2
}
