{
  "originHash" : "03612a93553d7b25a5925058a7b8b2ad32f09522e2682feb4667da6d0b84ae76",
  "pins" : [
    {
      "identity" : "ios-library",
      "kind" : "remoteSourceControl",
      "location" : "https://github.com/urbanairship/ios-library.git",
      "state" : {
        "revision" : "511eaf4d613d94d317892dc384257fe6dbe3ce13",
        "version" : "19.1.1"
      }
    }
  ],
  "version" : 3
}
