{
  "pins" : [
    {
      "identity" : "ios-library",
      "kind" : "remoteSourceControl",
      "location" : "https://github.com/urbanairship/ios-library.git",
      "state" : {
        "revision" : "c44eaadef4e89ca7f5c630dc9bf85ffdba666565",
        "version" : "19.0.2"
      }
    }
  ],
  "version" : 2
}
