PODS:
  - Airship (19.1.0):
    - Airship/Automation (= 19.1.0)
    - Airship/Basement (= 19.1.0)
    - Airship/Core (= 19.1.0)
    - Airship/FeatureFlags (= 19.1.0)
    - Airship/MessageCenter (= 19.1.0)
    - Airship/PreferenceCenter (= 19.1.0)
  - Airship/Automation (19.1.0):
    - Airship/Core
  - Airship/Basement (19.1.0)
  - Airship/Core (19.1.0):
    - Airship/Basement
  - Airship/FeatureFlags (19.1.0):
    - Airship/Core
  - Airship/MessageCenter (19.1.0):
    - Airship/Core
  - Airship/PreferenceCenter (19.1.0):
    - Airship/Core

DEPENDENCIES:
  - Airship (= 19.1.0)

SPEC REPOS:
  trunk:
    - Airship

SPEC CHECKSUMS:
  Airship: eb4783c5465b9440a995169bdabfa6194ca8e3c5

PODFILE CHECKSUM: 2520a9875d0f79426d890acb200cb91e3b44cc07

COCOAPODS: 1.16.2
