PODS:
  - Airship (16.11.2):
    - Airship/Automation (= 16.11.2)
    - Airship/Basement (= 16.11.2)
    - Airship/Core (= 16.11.2)
    - Airship/ExtendedActions (= 16.11.2)
    - Airship/MessageCenter (= 16.11.2)
  - Airship/Automation (16.11.2):
    - Airship/Core
  - Airship/Basement (16.11.2)
  - Airship/Core (16.11.2):
    - Airship/Basement
  - Airship/ExtendedActions (16.11.2):
    - Airship/Core
  - Airship/MessageCenter (16.11.2):
    - Airship/Core
  - Airship/PreferenceCenter (16.11.2):
    - Airship/Core

DEPENDENCIES:
  - Airship (= 16.11.2)
  - Airship/MessageCenter (= 16.11.2)
  - Airship/PreferenceCenter (= 16.11.2)

SPEC REPOS:
  trunk:
    - Airship

SPEC CHECKSUMS:
  Airship: 19ead2c0bdc791c1b9d6ebb7940aaac99614414e

PODFILE CHECKSUM: 1d37901fcba0f067d9c86a07f05f3ff09f7530ab

COCOAPODS: 1.11.3
