PODS:
  - Airship (18.14.2):
    - Airship/Automation (= 18.14.2)
    - Airship/Basement (= 18.14.2)
    - Airship/Core (= 18.14.2)
    - Airship/FeatureFlags (= 18.14.2)
    - Airship/MessageCenter (= 18.14.2)
    - Airship/PreferenceCenter (= 18.14.2)
  - Airship/Automation (18.14.2):
    - Airship/Core
  - Airship/Basement (18.14.2)
  - Airship/Core (18.14.2):
    - Airship/Basement
  - Airship/FeatureFlags (18.14.2):
    - Airship/Core
  - Airship/MessageCenter (18.14.2):
    - Airship/Core
  - Airship/PreferenceCenter (18.14.2):
    - Airship/Core

DEPENDENCIES:
  - Airship (= 18.14.2)

SPEC REPOS:
  trunk:
    - Airship

SPEC CHECKSUMS:
  Airship: f293470bde4a4cbd23ac73dbda986629d9ad9fdb

PODFILE CHECKSUM: dfb77155ca86afc9a9a614575d148225c348afe6

COCOAPODS: 1.15.2
