// !$*UTF8*$!
{
	archiveVersion = 1;
	classes = {
	};
	objectVersion = 56;
	objects = {

/* Begin PBXBuildFile section */
		6E07689629FC48450014E2A9 /* AttributeOperationTest.swift in Sources */ = {isa = PBXBuildFile; fileRef = 6E07689529FC48450014E2A9 /* AttributeOperationTest.swift */; };
		6E07689D2A0038F80014E2A9 /* ScopedSubscriptionListOperationTest.swift in Sources */ = {isa = PBXBuildFile; fileRef = 6E07689C2A0038F80014E2A9 /* ScopedSubscriptionListOperationTest.swift */; };
		6E0D94F12A7D52F400781BC7 /* AirshipFeatureFlagManagerProxy.swift in Sources */ = {isa = PBXBuildFile; fileRef = 6E0D94F02A7D52F400781BC7 /* AirshipFeatureFlagManagerProxy.swift */; };
		6E142E55296E3A8800F71E23 /* AirshipFrameworkProxy.framework in Frameworks */ = {isa = PBXBuildFile; fileRef = 6E142E4C296E3A8800F71E23 /* AirshipFrameworkProxy.framework */; };
		6E142E5A296E3A8800F71E23 /* FeatureTests.swift in Sources */ = {isa = PBXBuildFile; fileRef = 6E142E59296E3A8800F71E23 /* FeatureTests.swift */; };
		6E142E5B296E3A8800F71E23 /* AirshipFrameworkProxy.h in Headers */ = {isa = PBXBuildFile; fileRef = 6E142E4F296E3A8800F71E23 /* AirshipFrameworkProxy.h */; settings = {ATTRIBUTES = (Public, ); }; };
		6E142E98296F852300F71E23 /* AirshipProxy.swift in Sources */ = {isa = PBXBuildFile; fileRef = 6E142E8B296F852300F71E23 /* AirshipProxy.swift */; };
		6E142E99296F852300F71E23 /* AirshipPushProxy.swift in Sources */ = {isa = PBXBuildFile; fileRef = 6E142E8C296F852300F71E23 /* AirshipPushProxy.swift */; };
		6E142E9B296F852300F71E23 /* AirshipLocaleProxy.swift in Sources */ = {isa = PBXBuildFile; fileRef = 6E142E8E296F852300F71E23 /* AirshipLocaleProxy.swift */; };
		6E142E9C296F852300F71E23 /* AirshipChannelProxy.swift in Sources */ = {isa = PBXBuildFile; fileRef = 6E142E8F296F852300F71E23 /* AirshipChannelProxy.swift */; };
		6E142E9D296F852300F71E23 /* AirshipMessageCenterProxy.swift in Sources */ = {isa = PBXBuildFile; fileRef = 6E142E90296F852300F71E23 /* AirshipMessageCenterProxy.swift */; };
		6E142E9E296F852300F71E23 /* AirshipPrivacyManagerProxy.swift in Sources */ = {isa = PBXBuildFile; fileRef = 6E142E91296F852300F71E23 /* AirshipPrivacyManagerProxy.swift */; };
		6E142E9F296F852300F71E23 /* AirshipInAppProxy.swift in Sources */ = {isa = PBXBuildFile; fileRef = 6E142E92296F852300F71E23 /* AirshipInAppProxy.swift */; };
		6E142EA0296F852300F71E23 /* AirshipAnalyticsProxy.swift in Sources */ = {isa = PBXBuildFile; fileRef = 6E142E93296F852300F71E23 /* AirshipAnalyticsProxy.swift */; };
		6E142EA1296F852300F71E23 /* AirshipActionProxy.swift in Sources */ = {isa = PBXBuildFile; fileRef = 6E142E94296F852300F71E23 /* AirshipActionProxy.swift */; };
		6E142EA2296F852300F71E23 /* AirshipContactProxy.swift in Sources */ = {isa = PBXBuildFile; fileRef = 6E142E95296F852300F71E23 /* AirshipContactProxy.swift */; };
		6E142EA3296F852300F71E23 /* AirshipProxyEvent.swift in Sources */ = {isa = PBXBuildFile; fileRef = 6E142E96296F852300F71E23 /* AirshipProxyEvent.swift */; };
		6E142EA4296F852300F71E23 /* AirshipPreferenceCenterProxy.swift in Sources */ = {isa = PBXBuildFile; fileRef = 6E142E97296F852300F71E23 /* AirshipPreferenceCenterProxy.swift */; };
		6E142EBA296F85CD00F71E23 /* AirshipDelegate.swift in Sources */ = {isa = PBXBuildFile; fileRef = 6E142E66296E3DEB00F71E23 /* AirshipDelegate.swift */; };
		6E142EBB296F85CD00F71E23 /* AirshipExtensions.swift in Sources */ = {isa = PBXBuildFile; fileRef = 6E142E65296E3DEB00F71E23 /* AirshipExtensions.swift */; };
		6E142EBC296F85CD00F71E23 /* AttributeOperation.swift in Sources */ = {isa = PBXBuildFile; fileRef = 6E142E67296E3DEB00F71E23 /* AttributeOperation.swift */; };
		6E142EBD296F85CD00F71E23 /* ProxyConfig.swift in Sources */ = {isa = PBXBuildFile; fileRef = 6E142E6C296E3DEB00F71E23 /* ProxyConfig.swift */; };
		6E142EBE296F85CD00F71E23 /* ProxyStore.swift in Sources */ = {isa = PBXBuildFile; fileRef = 6E142E68296E3DEB00F71E23 /* ProxyStore.swift */; };
		6E142EBF296F85CD00F71E23 /* PushUtils.swift in Sources */ = {isa = PBXBuildFile; fileRef = 6E142E6A296E3DEB00F71E23 /* PushUtils.swift */; };
		6E142EC0296F85CD00F71E23 /* SubscriptionListOperation.swift in Sources */ = {isa = PBXBuildFile; fileRef = 6E142E64296E3DEB00F71E23 /* SubscriptionListOperation.swift */; };
		6E142EC1296F85CD00F71E23 /* TagGroupOperation.swift in Sources */ = {isa = PBXBuildFile; fileRef = 6E142E6D296E3DEB00F71E23 /* TagGroupOperation.swift */; };
		6E142EC2296F87DA00F71E23 /* AirshipProxyEventEmitter.swift in Sources */ = {isa = PBXBuildFile; fileRef = 6E142E8D296F852300F71E23 /* AirshipProxyEventEmitter.swift */; };
		6E1EEE772BD2D34C00B45A87 /* AirshipProxyEventEmitterTest.swift in Sources */ = {isa = PBXBuildFile; fileRef = 6E1EEE762BD2D34B00B45A87 /* AirshipProxyEventEmitterTest.swift */; };
		6E2DA79E2D4056E9000E9143 /* ProxyPushPayload.swift in Sources */ = {isa = PBXBuildFile; fileRef = 6E2DA79D2D4056E5000E9143 /* ProxyPushPayload.swift */; };
		6E2F49AD2DC0282F00166873 /* AirshipAutomation in Frameworks */ = {isa = PBXBuildFile; productRef = 6E2F49AC2DC0282F00166873 /* AirshipAutomation */; };
		6E2F49AF2DC0282F00166873 /* AirshipCore in Frameworks */ = {isa = PBXBuildFile; productRef = 6E2F49AE2DC0282F00166873 /* AirshipCore */; };
		6E2F49B12DC0282F00166873 /* AirshipFeatureFlags in Frameworks */ = {isa = PBXBuildFile; productRef = 6E2F49B02DC0282F00166873 /* AirshipFeatureFlags */; };
		6E2F49B32DC0282F00166873 /* AirshipMessageCenter in Frameworks */ = {isa = PBXBuildFile; productRef = 6E2F49B22DC0282F00166873 /* AirshipMessageCenter */; };
		6E2F49B52DC0282F00166873 /* AirshipPreferenceCenter in Frameworks */ = {isa = PBXBuildFile; productRef = 6E2F49B42DC0282F00166873 /* AirshipPreferenceCenter */; };
		6E3A02912CA60B2B00B0C5CF /* LiveActivityManager.swift in Sources */ = {isa = PBXBuildFile; fileRef = 6E3A02902CA60B2600B0C5CF /* LiveActivityManager.swift */; };
		6E3A02942CA60B8500B0C5CF /* LiveActivityInfo.swift in Sources */ = {isa = PBXBuildFile; fileRef = 6E3A02932CA60B8200B0C5CF /* LiveActivityInfo.swift */; };
		6E3A02962CA60B9200B0C5CF /* LiveActivityContent.swift in Sources */ = {isa = PBXBuildFile; fileRef = 6E3A02952CA60B8F00B0C5CF /* LiveActivityContent.swift */; };
		6E3A02982CA60BBF00B0C5CF /* LiveActivityRequest.swift in Sources */ = {isa = PBXBuildFile; fileRef = 6E3A02972CA60BBC00B0C5CF /* LiveActivityRequest.swift */; };
		6E4CFD25298C79FF00D131A8 /* ProxyConfigTests.swift in Sources */ = {isa = PBXBuildFile; fileRef = 6E4CFD24298C79FF00D131A8 /* ProxyConfigTests.swift */; };
		6E5AD11A2C82388900EDC110 /* EmbeddedEventEmitter.swift in Sources */ = {isa = PBXBuildFile; fileRef = 6E5AD1192C82388900EDC110 /* EmbeddedEventEmitter.swift */; };
		6EC7553E2A4A449300851ABB /* DefaultMessageCenterUI.swift in Sources */ = {isa = PBXBuildFile; fileRef = 6EC7553D2A4A449300851ABB /* DefaultMessageCenterUI.swift */; };
		6EC755402A4A494C00851ABB /* NotificationStatus.swift in Sources */ = {isa = PBXBuildFile; fileRef = 6EC7553F2A4A494C00851ABB /* NotificationStatus.swift */; };
		6EC9A28B2CC963B100FFF4C5 /* AirshipPluginExtensions.swift in Sources */ = {isa = PBXBuildFile; fileRef = 6EC9A28A2CC963A800FFF4C5 /* AirshipPluginExtensions.swift */; };
		6ECC09552D9F528700221B6C /* AirshipPluginForwardDelegates.swift in Sources */ = {isa = PBXBuildFile; fileRef = 6ECC09542D9F528200221B6C /* AirshipPluginForwardDelegates.swift */; };
		6ED117AF2CA750F400C41C56 /* AirshipFrameworkProxyLoader.swift in Sources */ = {isa = PBXBuildFile; fileRef = 6ED117AE2CA750F000C41C56 /* AirshipFrameworkProxyLoader.swift */; };
		6ED117B22CA75D1500C41C56 /* AirshipPluginLoaderProtocol.swift in Sources */ = {isa = PBXBuildFile; fileRef = 6ED117B12CA75D0F00C41C56 /* AirshipPluginLoaderProtocol.swift */; };
		6ED117B52CA75D2300C41C56 /* AirshipPluginExtenderProtocol.swift in Sources */ = {isa = PBXBuildFile; fileRef = 6ED117B42CA75D2300C41C56 /* AirshipPluginExtenderProtocol.swift */; };
		6ED117D72CA7760A00C41C56 /* UAirshipFrameworkProxyLoader.m in Sources */ = {isa = PBXBuildFile; fileRef = 6ED117A92CA74F9100C41C56 /* UAirshipFrameworkProxyLoader.m */; };
		6ED117D82CA7761300C41C56 /* UAirshipFrameworkProxyLoader.h in Headers */ = {isa = PBXBuildFile; fileRef = 6ED117A82CA74F9100C41C56 /* UAirshipFrameworkProxyLoader.h */; };
		6EFB83DA2979BE7F0008BEB5 /* ScopedSubscriptionListOperation.swift in Sources */ = {isa = PBXBuildFile; fileRef = 6EFB83D92979BE7F0008BEB5 /* ScopedSubscriptionListOperation.swift */; };
		842981FF2AA10D6600456BDB /* TagOperationTest.swift in Sources */ = {isa = PBXBuildFile; fileRef = 842981FE2AA10D6600456BDB /* TagOperationTest.swift */; };
		8443CF342A97ADB3000589B8 /* TagOperation.swift in Sources */ = {isa = PBXBuildFile; fileRef = 8443CF332A97ADB3000589B8 /* TagOperation.swift */; };
/* End PBXBuildFile section */

/* Begin PBXContainerItemProxy section */
		6E142E56296E3A8800F71E23 /* PBXContainerItemProxy */ = {
			isa = PBXContainerItemProxy;
			containerPortal = 6E142E43296E3A8800F71E23 /* Project object */;
			proxyType = 1;
			remoteGlobalIDString = 6E142E4B296E3A8800F71E23;
			remoteInfo = AirshipFrameworkProxy;
		};
/* End PBXContainerItemProxy section */

/* Begin PBXFileReference section */
		6E07689529FC48450014E2A9 /* AttributeOperationTest.swift */ = {isa = PBXFileReference; lastKnownFileType = sourcecode.swift; path = AttributeOperationTest.swift; sourceTree = "<group>"; };
		6E07689C2A0038F80014E2A9 /* ScopedSubscriptionListOperationTest.swift */ = {isa = PBXFileReference; lastKnownFileType = sourcecode.swift; path = ScopedSubscriptionListOperationTest.swift; sourceTree = "<group>"; };
		6E0D94F02A7D52F400781BC7 /* AirshipFeatureFlagManagerProxy.swift */ = {isa = PBXFileReference; lastKnownFileType = sourcecode.swift; path = AirshipFeatureFlagManagerProxy.swift; sourceTree = "<group>"; };
		6E142E4C296E3A8800F71E23 /* AirshipFrameworkProxy.framework */ = {isa = PBXFileReference; explicitFileType = wrapper.framework; includeInIndex = 0; path = AirshipFrameworkProxy.framework; sourceTree = BUILT_PRODUCTS_DIR; };
		6E142E4F296E3A8800F71E23 /* AirshipFrameworkProxy.h */ = {isa = PBXFileReference; lastKnownFileType = sourcecode.c.h; path = AirshipFrameworkProxy.h; sourceTree = "<group>"; };
		6E142E54296E3A8800F71E23 /* AirshipFrameworkProxyTests.xctest */ = {isa = PBXFileReference; explicitFileType = wrapper.cfbundle; includeInIndex = 0; path = AirshipFrameworkProxyTests.xctest; sourceTree = BUILT_PRODUCTS_DIR; };
		6E142E59296E3A8800F71E23 /* FeatureTests.swift */ = {isa = PBXFileReference; lastKnownFileType = sourcecode.swift; path = FeatureTests.swift; sourceTree = "<group>"; };
		6E142E64296E3DEB00F71E23 /* SubscriptionListOperation.swift */ = {isa = PBXFileReference; fileEncoding = 4; lastKnownFileType = sourcecode.swift; path = SubscriptionListOperation.swift; sourceTree = "<group>"; };
		6E142E65296E3DEB00F71E23 /* AirshipExtensions.swift */ = {isa = PBXFileReference; fileEncoding = 4; lastKnownFileType = sourcecode.swift; path = AirshipExtensions.swift; sourceTree = "<group>"; };
		6E142E66296E3DEB00F71E23 /* AirshipDelegate.swift */ = {isa = PBXFileReference; fileEncoding = 4; lastKnownFileType = sourcecode.swift; path = AirshipDelegate.swift; sourceTree = "<group>"; };
		6E142E67296E3DEB00F71E23 /* AttributeOperation.swift */ = {isa = PBXFileReference; fileEncoding = 4; lastKnownFileType = sourcecode.swift; path = AttributeOperation.swift; sourceTree = "<group>"; };
		6E142E68296E3DEB00F71E23 /* ProxyStore.swift */ = {isa = PBXFileReference; fileEncoding = 4; lastKnownFileType = sourcecode.swift; path = ProxyStore.swift; sourceTree = "<group>"; };
		6E142E6A296E3DEB00F71E23 /* PushUtils.swift */ = {isa = PBXFileReference; fileEncoding = 4; lastKnownFileType = sourcecode.swift; path = PushUtils.swift; sourceTree = "<group>"; };
		6E142E6C296E3DEB00F71E23 /* ProxyConfig.swift */ = {isa = PBXFileReference; fileEncoding = 4; lastKnownFileType = sourcecode.swift; path = ProxyConfig.swift; sourceTree = "<group>"; };
		6E142E6D296E3DEB00F71E23 /* TagGroupOperation.swift */ = {isa = PBXFileReference; fileEncoding = 4; lastKnownFileType = sourcecode.swift; path = TagGroupOperation.swift; sourceTree = "<group>"; };
		6E142E8B296F852300F71E23 /* AirshipProxy.swift */ = {isa = PBXFileReference; fileEncoding = 4; lastKnownFileType = sourcecode.swift; path = AirshipProxy.swift; sourceTree = "<group>"; };
		6E142E8C296F852300F71E23 /* AirshipPushProxy.swift */ = {isa = PBXFileReference; fileEncoding = 4; lastKnownFileType = sourcecode.swift; path = AirshipPushProxy.swift; sourceTree = "<group>"; };
		6E142E8D296F852300F71E23 /* AirshipProxyEventEmitter.swift */ = {isa = PBXFileReference; fileEncoding = 4; lastKnownFileType = sourcecode.swift; path = AirshipProxyEventEmitter.swift; sourceTree = "<group>"; };
		6E142E8E296F852300F71E23 /* AirshipLocaleProxy.swift */ = {isa = PBXFileReference; fileEncoding = 4; lastKnownFileType = sourcecode.swift; path = AirshipLocaleProxy.swift; sourceTree = "<group>"; };
		6E142E8F296F852300F71E23 /* AirshipChannelProxy.swift */ = {isa = PBXFileReference; fileEncoding = 4; lastKnownFileType = sourcecode.swift; path = AirshipChannelProxy.swift; sourceTree = "<group>"; };
		6E142E90296F852300F71E23 /* AirshipMessageCenterProxy.swift */ = {isa = PBXFileReference; fileEncoding = 4; lastKnownFileType = sourcecode.swift; path = AirshipMessageCenterProxy.swift; sourceTree = "<group>"; };
		6E142E91296F852300F71E23 /* AirshipPrivacyManagerProxy.swift */ = {isa = PBXFileReference; fileEncoding = 4; lastKnownFileType = sourcecode.swift; path = AirshipPrivacyManagerProxy.swift; sourceTree = "<group>"; };
		6E142E92296F852300F71E23 /* AirshipInAppProxy.swift */ = {isa = PBXFileReference; fileEncoding = 4; lastKnownFileType = sourcecode.swift; path = AirshipInAppProxy.swift; sourceTree = "<group>"; };
		6E142E93296F852300F71E23 /* AirshipAnalyticsProxy.swift */ = {isa = PBXFileReference; fileEncoding = 4; lastKnownFileType = sourcecode.swift; path = AirshipAnalyticsProxy.swift; sourceTree = "<group>"; };
		6E142E94296F852300F71E23 /* AirshipActionProxy.swift */ = {isa = PBXFileReference; fileEncoding = 4; lastKnownFileType = sourcecode.swift; path = AirshipActionProxy.swift; sourceTree = "<group>"; };
		6E142E95296F852300F71E23 /* AirshipContactProxy.swift */ = {isa = PBXFileReference; fileEncoding = 4; lastKnownFileType = sourcecode.swift; path = AirshipContactProxy.swift; sourceTree = "<group>"; };
		6E142E96296F852300F71E23 /* AirshipProxyEvent.swift */ = {isa = PBXFileReference; fileEncoding = 4; lastKnownFileType = sourcecode.swift; path = AirshipProxyEvent.swift; sourceTree = "<group>"; };
		6E142E97296F852300F71E23 /* AirshipPreferenceCenterProxy.swift */ = {isa = PBXFileReference; fileEncoding = 4; lastKnownFileType = sourcecode.swift; path = AirshipPreferenceCenterProxy.swift; sourceTree = "<group>"; };
		6E1EEE762BD2D34B00B45A87 /* AirshipProxyEventEmitterTest.swift */ = {isa = PBXFileReference; lastKnownFileType = sourcecode.swift; path = AirshipProxyEventEmitterTest.swift; sourceTree = "<group>"; };
		6E2DA79D2D4056E5000E9143 /* ProxyPushPayload.swift */ = {isa = PBXFileReference; lastKnownFileType = sourcecode.swift; path = ProxyPushPayload.swift; sourceTree = "<group>"; };
		6E3A02902CA60B2600B0C5CF /* LiveActivityManager.swift */ = {isa = PBXFileReference; lastKnownFileType = sourcecode.swift; path = LiveActivityManager.swift; sourceTree = "<group>"; };
		6E3A02932CA60B8200B0C5CF /* LiveActivityInfo.swift */ = {isa = PBXFileReference; lastKnownFileType = sourcecode.swift; path = LiveActivityInfo.swift; sourceTree = "<group>"; };
		6E3A02952CA60B8F00B0C5CF /* LiveActivityContent.swift */ = {isa = PBXFileReference; lastKnownFileType = sourcecode.swift; path = LiveActivityContent.swift; sourceTree = "<group>"; };
		6E3A02972CA60BBC00B0C5CF /* LiveActivityRequest.swift */ = {isa = PBXFileReference; lastKnownFileType = sourcecode.swift; path = LiveActivityRequest.swift; sourceTree = "<group>"; };
		6E4CFD24298C79FF00D131A8 /* ProxyConfigTests.swift */ = {isa = PBXFileReference; lastKnownFileType = sourcecode.swift; path = ProxyConfigTests.swift; sourceTree = "<group>"; };
		6E5AD1192C82388900EDC110 /* EmbeddedEventEmitter.swift */ = {isa = PBXFileReference; lastKnownFileType = sourcecode.swift; path = EmbeddedEventEmitter.swift; sourceTree = "<group>"; };
		6EC7553D2A4A449300851ABB /* DefaultMessageCenterUI.swift */ = {isa = PBXFileReference; lastKnownFileType = sourcecode.swift; path = DefaultMessageCenterUI.swift; sourceTree = "<group>"; };
		6EC7553F2A4A494C00851ABB /* NotificationStatus.swift */ = {isa = PBXFileReference; lastKnownFileType = sourcecode.swift; path = NotificationStatus.swift; sourceTree = "<group>"; };
		6EC9A28A2CC963A800FFF4C5 /* AirshipPluginExtensions.swift */ = {isa = PBXFileReference; lastKnownFileType = sourcecode.swift; path = AirshipPluginExtensions.swift; sourceTree = "<group>"; };
		6ECC09542D9F528200221B6C /* AirshipPluginForwardDelegates.swift */ = {isa = PBXFileReference; lastKnownFileType = sourcecode.swift; path = AirshipPluginForwardDelegates.swift; sourceTree = "<group>"; };
		6ED117A82CA74F9100C41C56 /* UAirshipFrameworkProxyLoader.h */ = {isa = PBXFileReference; lastKnownFileType = sourcecode.c.h; path = UAirshipFrameworkProxyLoader.h; sourceTree = "<group>"; };
		6ED117A92CA74F9100C41C56 /* UAirshipFrameworkProxyLoader.m */ = {isa = PBXFileReference; lastKnownFileType = sourcecode.c.objc; path = UAirshipFrameworkProxyLoader.m; sourceTree = "<group>"; };
		6ED117AE2CA750F000C41C56 /* AirshipFrameworkProxyLoader.swift */ = {isa = PBXFileReference; lastKnownFileType = sourcecode.swift; path = AirshipFrameworkProxyLoader.swift; sourceTree = "<group>"; };
		6ED117B12CA75D0F00C41C56 /* AirshipPluginLoaderProtocol.swift */ = {isa = PBXFileReference; lastKnownFileType = sourcecode.swift; path = AirshipPluginLoaderProtocol.swift; sourceTree = "<group>"; };
		6ED117B42CA75D2300C41C56 /* AirshipPluginExtenderProtocol.swift */ = {isa = PBXFileReference; lastKnownFileType = sourcecode.swift; path = AirshipPluginExtenderProtocol.swift; sourceTree = "<group>"; };
		6EFB83D92979BE7F0008BEB5 /* ScopedSubscriptionListOperation.swift */ = {isa = PBXFileReference; lastKnownFileType = sourcecode.swift; path = ScopedSubscriptionListOperation.swift; sourceTree = "<group>"; };
		842981FE2AA10D6600456BDB /* TagOperationTest.swift */ = {isa = PBXFileReference; lastKnownFileType = sourcecode.swift; path = TagOperationTest.swift; sourceTree = "<group>"; };
		8443CF332A97ADB3000589B8 /* TagOperation.swift */ = {isa = PBXFileReference; lastKnownFileType = sourcecode.swift; path = TagOperation.swift; sourceTree = "<group>"; };
/* End PBXFileReference section */

/* Begin PBXFrameworksBuildPhase section */
		6E142E49296E3A8800F71E23 /* Frameworks */ = {
			isa = PBXFrameworksBuildPhase;
			buildActionMask = 2147483647;
			files = (
				6E2F49B52DC0282F00166873 /* AirshipPreferenceCenter in Frameworks */,
				6E2F49B12DC0282F00166873 /* AirshipFeatureFlags in Frameworks */,
				6E2F49AF2DC0282F00166873 /* AirshipCore in Frameworks */,
				6E2F49B32DC0282F00166873 /* AirshipMessageCenter in Frameworks */,
				6E2F49AD2DC0282F00166873 /* AirshipAutomation in Frameworks */,
			);
			runOnlyForDeploymentPostprocessing = 0;
		};
		6E142E51296E3A8800F71E23 /* Frameworks */ = {
			isa = PBXFrameworksBuildPhase;
			buildActionMask = 2147483647;
			files = (
				6E142E55296E3A8800F71E23 /* AirshipFrameworkProxy.framework in Frameworks */,
			);
			runOnlyForDeploymentPostprocessing = 0;
		};
/* End PBXFrameworksBuildPhase section */

/* Begin PBXGroup section */
		6E142E42296E3A8800F71E23 = {
			isa = PBXGroup;
			children = (
				6ED117AA2CA74F9700C41C56 /* AirshipFrameworkProxyLoader */,
				6E142E4E296E3A8800F71E23 /* AirshipFrameworkProxy */,
				6E142E58296E3A8800F71E23 /* AirshipFrameworkProxyTests */,
				6E142E4D296E3A8800F71E23 /* Products */,
			);
			sourceTree = "<group>";
		};
		6E142E4D296E3A8800F71E23 /* Products */ = {
			isa = PBXGroup;
			children = (
				6E142E4C296E3A8800F71E23 /* AirshipFrameworkProxy.framework */,
				6E142E54296E3A8800F71E23 /* AirshipFrameworkProxyTests.xctest */,
			);
			name = Products;
			sourceTree = "<group>";
		};
		6E142E4E296E3A8800F71E23 /* AirshipFrameworkProxy */ = {
			isa = PBXGroup;
			children = (
				6E2A39652D9B3ED4000248E4 /* Extension */,
				6E2DA79D2D4056E5000E9143 /* ProxyPushPayload.swift */,
				6ED117B32CA75D1B00C41C56 /* Loader */,
				6E3A028F2CA60B1C00B0C5CF /* LiveActivity */,
				6EFB83D82979BB1F0008BEB5 /* Proxies */,
				6E142E96296F852300F71E23 /* AirshipProxyEvent.swift */,
				6E142E8D296F852300F71E23 /* AirshipProxyEventEmitter.swift */,
				6E142E66296E3DEB00F71E23 /* AirshipDelegate.swift */,
				6E142E65296E3DEB00F71E23 /* AirshipExtensions.swift */,
				6E142E6C296E3DEB00F71E23 /* ProxyConfig.swift */,
				6E142E68296E3DEB00F71E23 /* ProxyStore.swift */,
				6E142E6A296E3DEB00F71E23 /* PushUtils.swift */,
				6E142E67296E3DEB00F71E23 /* AttributeOperation.swift */,
				6E142E64296E3DEB00F71E23 /* SubscriptionListOperation.swift */,
				6EFB83D92979BE7F0008BEB5 /* ScopedSubscriptionListOperation.swift */,
				6E142E6D296E3DEB00F71E23 /* TagGroupOperation.swift */,
				6E142E4F296E3A8800F71E23 /* AirshipFrameworkProxy.h */,
				6EC7553D2A4A449300851ABB /* DefaultMessageCenterUI.swift */,
				6EC7553F2A4A494C00851ABB /* NotificationStatus.swift */,
				8443CF332A97ADB3000589B8 /* TagOperation.swift */,
				6E5AD1192C82388900EDC110 /* EmbeddedEventEmitter.swift */,
			);
			path = AirshipFrameworkProxy;
			sourceTree = "<group>";
		};
		6E142E58296E3A8800F71E23 /* AirshipFrameworkProxyTests */ = {
			isa = PBXGroup;
			children = (
				6E142E59296E3A8800F71E23 /* FeatureTests.swift */,
				6E4CFD24298C79FF00D131A8 /* ProxyConfigTests.swift */,
				6E07689529FC48450014E2A9 /* AttributeOperationTest.swift */,
				6E07689C2A0038F80014E2A9 /* ScopedSubscriptionListOperationTest.swift */,
				842981FE2AA10D6600456BDB /* TagOperationTest.swift */,
				6E1EEE762BD2D34B00B45A87 /* AirshipProxyEventEmitterTest.swift */,
			);
			path = AirshipFrameworkProxyTests;
			sourceTree = "<group>";
		};
		6E2A39652D9B3ED4000248E4 /* Extension */ = {
			isa = PBXGroup;
			children = (
				6ECC09542D9F528200221B6C /* AirshipPluginForwardDelegates.swift */,
				6EC9A28A2CC963A800FFF4C5 /* AirshipPluginExtensions.swift */,
				6ED117B42CA75D2300C41C56 /* AirshipPluginExtenderProtocol.swift */,
			);
			path = Extension;
			sourceTree = "<group>";
		};
		6E3A028F2CA60B1C00B0C5CF /* LiveActivity */ = {
			isa = PBXGroup;
			children = (
				6E3A02972CA60BBC00B0C5CF /* LiveActivityRequest.swift */,
				6E3A02952CA60B8F00B0C5CF /* LiveActivityContent.swift */,
				6E3A02932CA60B8200B0C5CF /* LiveActivityInfo.swift */,
				6E3A02902CA60B2600B0C5CF /* LiveActivityManager.swift */,
			);
			path = LiveActivity;
			sourceTree = "<group>";
		};
		6ED117AA2CA74F9700C41C56 /* AirshipFrameworkProxyLoader */ = {
			isa = PBXGroup;
			children = (
				6ED117B02CA75CD400C41C56 /* Public */,
				6ED117A92CA74F9100C41C56 /* UAirshipFrameworkProxyLoader.m */,
			);
			path = AirshipFrameworkProxyLoader;
			sourceTree = "<group>";
		};
		6ED117B02CA75CD400C41C56 /* Public */ = {
			isa = PBXGroup;
			children = (
				6ED117A82CA74F9100C41C56 /* UAirshipFrameworkProxyLoader.h */,
			);
			path = Public;
			sourceTree = "<group>";
		};
		6ED117B32CA75D1B00C41C56 /* Loader */ = {
			isa = PBXGroup;
			children = (
				6ED117B12CA75D0F00C41C56 /* AirshipPluginLoaderProtocol.swift */,
				6ED117AE2CA750F000C41C56 /* AirshipFrameworkProxyLoader.swift */,
			);
			path = Loader;
			sourceTree = "<group>";
		};
		6EFB83D82979BB1F0008BEB5 /* Proxies */ = {
			isa = PBXGroup;
			children = (
				6E142E8C296F852300F71E23 /* AirshipPushProxy.swift */,
				6E142E94296F852300F71E23 /* AirshipActionProxy.swift */,
				6E142E93296F852300F71E23 /* AirshipAnalyticsProxy.swift */,
				6E142E8F296F852300F71E23 /* AirshipChannelProxy.swift */,
				6E142E95296F852300F71E23 /* AirshipContactProxy.swift */,
				6E142E92296F852300F71E23 /* AirshipInAppProxy.swift */,
				6E142E8E296F852300F71E23 /* AirshipLocaleProxy.swift */,
				6E142E90296F852300F71E23 /* AirshipMessageCenterProxy.swift */,
				6E142E97296F852300F71E23 /* AirshipPreferenceCenterProxy.swift */,
				6E142E91296F852300F71E23 /* AirshipPrivacyManagerProxy.swift */,
				6E142E8B296F852300F71E23 /* AirshipProxy.swift */,
				6E0D94F02A7D52F400781BC7 /* AirshipFeatureFlagManagerProxy.swift */,
			);
			path = Proxies;
			sourceTree = "<group>";
		};
/* End PBXGroup section */

/* Begin PBXHeadersBuildPhase section */
		6E142E47296E3A8800F71E23 /* Headers */ = {
			isa = PBXHeadersBuildPhase;
			buildActionMask = 2147483647;
			files = (
				6ED117D82CA7761300C41C56 /* UAirshipFrameworkProxyLoader.h in Headers */,
				6E142E5B296E3A8800F71E23 /* AirshipFrameworkProxy.h in Headers */,
			);
			runOnlyForDeploymentPostprocessing = 0;
		};
/* End PBXHeadersBuildPhase section */

/* Begin PBXNativeTarget section */
		6E142E4B296E3A8800F71E23 /* AirshipFrameworkProxy */ = {
			isa = PBXNativeTarget;
			buildConfigurationList = 6E142E5E296E3A8800F71E23 /* Build configuration list for PBXNativeTarget "AirshipFrameworkProxy" */;
			buildPhases = (
				6E142E47296E3A8800F71E23 /* Headers */,
				6E142E48296E3A8800F71E23 /* Sources */,
				6E142E49296E3A8800F71E23 /* Frameworks */,
				6E142E4A296E3A8800F71E23 /* Resources */,
			);
			buildRules = (
			);
			dependencies = (
			);
			name = AirshipFrameworkProxy;
			productName = AirshipFrameworkProxy;
			productReference = 6E142E4C296E3A8800F71E23 /* AirshipFrameworkProxy.framework */;
			productType = "com.apple.product-type.framework";
		};
		6E142E53296E3A8800F71E23 /* AirshipFrameworkProxyTests */ = {
			isa = PBXNativeTarget;
			buildConfigurationList = 6E142E61296E3A8800F71E23 /* Build configuration list for PBXNativeTarget "AirshipFrameworkProxyTests" */;
			buildPhases = (
				6E142E50296E3A8800F71E23 /* Sources */,
				6E142E51296E3A8800F71E23 /* Frameworks */,
				6E142E52296E3A8800F71E23 /* Resources */,
			);
			buildRules = (
			);
			dependencies = (
				6E142E57296E3A8800F71E23 /* PBXTargetDependency */,
			);
			name = AirshipFrameworkProxyTests;
			productName = AirshipFrameworkProxyTests;
			productReference = 6E142E54296E3A8800F71E23 /* AirshipFrameworkProxyTests.xctest */;
			productType = "com.apple.product-type.bundle.unit-test";
		};
/* End PBXNativeTarget section */

/* Begin PBXProject section */
		6E142E43296E3A8800F71E23 /* Project object */ = {
			isa = PBXProject;
			attributes = {
				BuildIndependentTargetsInParallel = 1;
				LastSwiftUpdateCheck = 1420;
				LastUpgradeCheck = 1420;
				TargetAttributes = {
					6E142E4B296E3A8800F71E23 = {
						CreatedOnToolsVersion = 14.2;
						LastSwiftMigration = 1420;
					};
					6E142E53296E3A8800F71E23 = {
						CreatedOnToolsVersion = 14.2;
					};
				};
			};
			buildConfigurationList = 6E142E46296E3A8800F71E23 /* Build configuration list for PBXProject "AirshipFrameworkProxy" */;
			compatibilityVersion = "Xcode 14.0";
			developmentRegion = en;
			hasScannedForEncodings = 0;
			knownRegions = (
				en,
				Base,
			);
			mainGroup = 6E142E42296E3A8800F71E23;
			packageReferences = (
				6E2F49AB2DC0282F00166873 /* XCRemoteSwiftPackageReference "ios-library" */,
			);
			productRefGroup = 6E142E4D296E3A8800F71E23 /* Products */;
			projectDirPath = "";
			projectRoot = "";
			targets = (
				6E142E4B296E3A8800F71E23 /* AirshipFrameworkProxy */,
				6E142E53296E3A8800F71E23 /* AirshipFrameworkProxyTests */,
			);
		};
/* End PBXProject section */

/* Begin PBXResourcesBuildPhase section */
		6E142E4A296E3A8800F71E23 /* Resources */ = {
			isa = PBXResourcesBuildPhase;
			buildActionMask = 2147483647;
			files = (
			);
			runOnlyForDeploymentPostprocessing = 0;
		};
		6E142E52296E3A8800F71E23 /* Resources */ = {
			isa = PBXResourcesBuildPhase;
			buildActionMask = 2147483647;
			files = (
			);
			runOnlyForDeploymentPostprocessing = 0;
		};
/* End PBXResourcesBuildPhase section */

/* Begin PBXSourcesBuildPhase section */
		6E142E48296E3A8800F71E23 /* Sources */ = {
			isa = PBXSourcesBuildPhase;
			buildActionMask = 2147483647;
			files = (
				6E142EBA296F85CD00F71E23 /* AirshipDelegate.swift in Sources */,
				6E142EBB296F85CD00F71E23 /* AirshipExtensions.swift in Sources */,
				6E142EBC296F85CD00F71E23 /* AttributeOperation.swift in Sources */,
				6ECC09552D9F528700221B6C /* AirshipPluginForwardDelegates.swift in Sources */,
				6E142EBD296F85CD00F71E23 /* ProxyConfig.swift in Sources */,
				6EFB83DA2979BE7F0008BEB5 /* ScopedSubscriptionListOperation.swift in Sources */,
				6E2DA79E2D4056E9000E9143 /* ProxyPushPayload.swift in Sources */,
				6E142EBE296F85CD00F71E23 /* ProxyStore.swift in Sources */,
				6EC755402A4A494C00851ABB /* NotificationStatus.swift in Sources */,
				6EC9A28B2CC963B100FFF4C5 /* AirshipPluginExtensions.swift in Sources */,
				6E142EBF296F85CD00F71E23 /* PushUtils.swift in Sources */,
				6E142EC0296F85CD00F71E23 /* SubscriptionListOperation.swift in Sources */,
				6E142EC2296F87DA00F71E23 /* AirshipProxyEventEmitter.swift in Sources */,
				6E0D94F12A7D52F400781BC7 /* AirshipFeatureFlagManagerProxy.swift in Sources */,
				6E5AD11A2C82388900EDC110 /* EmbeddedEventEmitter.swift in Sources */,
				6ED117D72CA7760A00C41C56 /* UAirshipFrameworkProxyLoader.m in Sources */,
				6E3A02912CA60B2B00B0C5CF /* LiveActivityManager.swift in Sources */,
				6E142EC1296F85CD00F71E23 /* TagGroupOperation.swift in Sources */,
				6E142E98296F852300F71E23 /* AirshipProxy.swift in Sources */,
				6E142E9B296F852300F71E23 /* AirshipLocaleProxy.swift in Sources */,
				8443CF342A97ADB3000589B8 /* TagOperation.swift in Sources */,
				6E142EA3296F852300F71E23 /* AirshipProxyEvent.swift in Sources */,
				6E142E9D296F852300F71E23 /* AirshipMessageCenterProxy.swift in Sources */,
				6ED117B22CA75D1500C41C56 /* AirshipPluginLoaderProtocol.swift in Sources */,
				6EC7553E2A4A449300851ABB /* DefaultMessageCenterUI.swift in Sources */,
				6E3A02962CA60B9200B0C5CF /* LiveActivityContent.swift in Sources */,
				6E3A02942CA60B8500B0C5CF /* LiveActivityInfo.swift in Sources */,
				6E142EA2296F852300F71E23 /* AirshipContactProxy.swift in Sources */,
				6E142E9F296F852300F71E23 /* AirshipInAppProxy.swift in Sources */,
				6E142EA0296F852300F71E23 /* AirshipAnalyticsProxy.swift in Sources */,
				6ED117AF2CA750F400C41C56 /* AirshipFrameworkProxyLoader.swift in Sources */,
				6E142EA4296F852300F71E23 /* AirshipPreferenceCenterProxy.swift in Sources */,
				6ED117B52CA75D2300C41C56 /* AirshipPluginExtenderProtocol.swift in Sources */,
				6E142E99296F852300F71E23 /* AirshipPushProxy.swift in Sources */,
				6E142EA1296F852300F71E23 /* AirshipActionProxy.swift in Sources */,
				6E142E9C296F852300F71E23 /* AirshipChannelProxy.swift in Sources */,
				6E3A02982CA60BBF00B0C5CF /* LiveActivityRequest.swift in Sources */,
				6E142E9E296F852300F71E23 /* AirshipPrivacyManagerProxy.swift in Sources */,
			);
			runOnlyForDeploymentPostprocessing = 0;
		};
		6E142E50296E3A8800F71E23 /* Sources */ = {
			isa = PBXSourcesBuildPhase;
			buildActionMask = 2147483647;
			files = (
				842981FF2AA10D6600456BDB /* TagOperationTest.swift in Sources */,
				6E07689D2A0038F80014E2A9 /* ScopedSubscriptionListOperationTest.swift in Sources */,
				6E4CFD25298C79FF00D131A8 /* ProxyConfigTests.swift in Sources */,
				6E142E5A296E3A8800F71E23 /* FeatureTests.swift in Sources */,
				6E1EEE772BD2D34C00B45A87 /* AirshipProxyEventEmitterTest.swift in Sources */,
				6E07689629FC48450014E2A9 /* AttributeOperationTest.swift in Sources */,
			);
			runOnlyForDeploymentPostprocessing = 0;
		};
/* End PBXSourcesBuildPhase section */

/* Begin PBXTargetDependency section */
		6E142E57296E3A8800F71E23 /* PBXTargetDependency */ = {
			isa = PBXTargetDependency;
			target = 6E142E4B296E3A8800F71E23 /* AirshipFrameworkProxy */;
			targetProxy = 6E142E56296E3A8800F71E23 /* PBXContainerItemProxy */;
		};
/* End PBXTargetDependency section */

/* Begin XCBuildConfiguration section */
		6E142E5C296E3A8800F71E23 /* Debug */ = {
			isa = XCBuildConfiguration;
			buildSettings = {
				ALWAYS_SEARCH_USER_PATHS = NO;
				CLANG_ANALYZER_NONNULL = YES;
				CLANG_ANALYZER_NUMBER_OBJECT_CONVERSION = YES_AGGRESSIVE;
				CLANG_CXX_LANGUAGE_STANDARD = "gnu++20";
				CLANG_ENABLE_MODULES = YES;
				CLANG_ENABLE_OBJC_ARC = YES;
				CLANG_ENABLE_OBJC_WEAK = YES;
				CLANG_WARN_BLOCK_CAPTURE_AUTORELEASING = YES;
				CLANG_WARN_BOOL_CONVERSION = YES;
				CLANG_WARN_COMMA = YES;
				CLANG_WARN_CONSTANT_CONVERSION = YES;
				CLANG_WARN_DEPRECATED_OBJC_IMPLEMENTATIONS = YES;
				CLANG_WARN_DIRECT_OBJC_ISA_USAGE = YES_ERROR;
				CLANG_WARN_DOCUMENTATION_COMMENTS = YES;
				CLANG_WARN_EMPTY_BODY = YES;
				CLANG_WARN_ENUM_CONVERSION = YES;
				CLANG_WARN_INFINITE_RECURSION = YES;
				CLANG_WARN_INT_CONVERSION = YES;
				CLANG_WARN_NON_LITERAL_NULL_CONVERSION = YES;
				CLANG_WARN_OBJC_IMPLICIT_RETAIN_SELF = YES;
				CLANG_WARN_OBJC_LITERAL_CONVERSION = YES;
				CLANG_WARN_OBJC_ROOT_CLASS = YES_ERROR;
				CLANG_WARN_QUOTED_INCLUDE_IN_FRAMEWORK_HEADER = YES;
				CLANG_WARN_RANGE_LOOP_ANALYSIS = YES;
				CLANG_WARN_STRICT_PROTOTYPES = YES;
				CLANG_WARN_SUSPICIOUS_MOVE = YES;
				CLANG_WARN_UNGUARDED_AVAILABILITY = YES_AGGRESSIVE;
				CLANG_WARN_UNREACHABLE_CODE = YES;
				CLANG_WARN__DUPLICATE_METHOD_MATCH = YES;
				COPY_PHASE_STRIP = NO;
				CURRENT_PROJECT_VERSION = 1;
				DEBUG_INFORMATION_FORMAT = dwarf;
				ENABLE_STRICT_OBJC_MSGSEND = YES;
				ENABLE_TESTABILITY = YES;
				GCC_C_LANGUAGE_STANDARD = gnu11;
				GCC_DYNAMIC_NO_PIC = NO;
				GCC_NO_COMMON_BLOCKS = YES;
				GCC_OPTIMIZATION_LEVEL = 0;
				GCC_PREPROCESSOR_DEFINITIONS = (
					"DEBUG=1",
					"$(inherited)",
				);
				GCC_WARN_64_TO_32_BIT_CONVERSION = YES;
				GCC_WARN_ABOUT_RETURN_TYPE = YES_ERROR;
				GCC_WARN_UNDECLARED_SELECTOR = YES;
				GCC_WARN_UNINITIALIZED_AUTOS = YES_AGGRESSIVE;
				GCC_WARN_UNUSED_FUNCTION = YES;
				GCC_WARN_UNUSED_VARIABLE = YES;
				IPHONEOS_DEPLOYMENT_TARGET = 16.2;
				MTL_ENABLE_DEBUG_INFO = INCLUDE_SOURCE;
				MTL_FAST_MATH = YES;
				ONLY_ACTIVE_ARCH = YES;
				SDKROOT = iphoneos;
				SWIFT_ACTIVE_COMPILATION_CONDITIONS = DEBUG;
				SWIFT_OPTIMIZATION_LEVEL = "-Onone";
				VERSIONING_SYSTEM = "apple-generic";
				VERSION_INFO_PREFIX = "";
			};
			name = Debug;
		};
		6E142E5D296E3A8800F71E23 /* Release */ = {
			isa = XCBuildConfiguration;
			buildSettings = {
				ALWAYS_SEARCH_USER_PATHS = NO;
				CLANG_ANALYZER_NONNULL = YES;
				CLANG_ANALYZER_NUMBER_OBJECT_CONVERSION = YES_AGGRESSIVE;
				CLANG_CXX_LANGUAGE_STANDARD = "gnu++20";
				CLANG_ENABLE_MODULES = YES;
				CLANG_ENABLE_OBJC_ARC = YES;
				CLANG_ENABLE_OBJC_WEAK = YES;
				CLANG_WARN_BLOCK_CAPTURE_AUTORELEASING = YES;
				CLANG_WARN_BOOL_CONVERSION = YES;
				CLANG_WARN_COMMA = YES;
				CLANG_WARN_CONSTANT_CONVERSION = YES;
				CLANG_WARN_DEPRECATED_OBJC_IMPLEMENTATIONS = YES;
				CLANG_WARN_DIRECT_OBJC_ISA_USAGE = YES_ERROR;
				CLANG_WARN_DOCUMENTATION_COMMENTS = YES;
				CLANG_WARN_EMPTY_BODY = YES;
				CLANG_WARN_ENUM_CONVERSION = YES;
				CLANG_WARN_INFINITE_RECURSION = YES;
				CLANG_WARN_INT_CONVERSION = YES;
				CLANG_WARN_NON_LITERAL_NULL_CONVERSION = YES;
				CLANG_WARN_OBJC_IMPLICIT_RETAIN_SELF = YES;
				CLANG_WARN_OBJC_LITERAL_CONVERSION = YES;
				CLANG_WARN_OBJC_ROOT_CLASS = YES_ERROR;
				CLANG_WARN_QUOTED_INCLUDE_IN_FRAMEWORK_HEADER = YES;
				CLANG_WARN_RANGE_LOOP_ANALYSIS = YES;
				CLANG_WARN_STRICT_PROTOTYPES = YES;
				CLANG_WARN_SUSPICIOUS_MOVE = YES;
				CLANG_WARN_UNGUARDED_AVAILABILITY = YES_AGGRESSIVE;
				CLANG_WARN_UNREACHABLE_CODE = YES;
				CLANG_WARN__DUPLICATE_METHOD_MATCH = YES;
				COPY_PHASE_STRIP = NO;
				CURRENT_PROJECT_VERSION = 1;
				DEBUG_INFORMATION_FORMAT = "dwarf-with-dsym";
				ENABLE_NS_ASSERTIONS = NO;
				ENABLE_STRICT_OBJC_MSGSEND = YES;
				GCC_C_LANGUAGE_STANDARD = gnu11;
				GCC_NO_COMMON_BLOCKS = YES;
				GCC_WARN_64_TO_32_BIT_CONVERSION = YES;
				GCC_WARN_ABOUT_RETURN_TYPE = YES_ERROR;
				GCC_WARN_UNDECLARED_SELECTOR = YES;
				GCC_WARN_UNINITIALIZED_AUTOS = YES_AGGRESSIVE;
				GCC_WARN_UNUSED_FUNCTION = YES;
				GCC_WARN_UNUSED_VARIABLE = YES;
				IPHONEOS_DEPLOYMENT_TARGET = 16.2;
				MTL_ENABLE_DEBUG_INFO = NO;
				MTL_FAST_MATH = YES;
				SDKROOT = iphoneos;
				SWIFT_COMPILATION_MODE = wholemodule;
				SWIFT_OPTIMIZATION_LEVEL = "-O";
				VALIDATE_PRODUCT = YES;
				VERSIONING_SYSTEM = "apple-generic";
				VERSION_INFO_PREFIX = "";
			};
			name = Release;
		};
		6E142E5F296E3A8800F71E23 /* Debug */ = {
			isa = XCBuildConfiguration;
			buildSettings = {
				CLANG_ENABLE_MODULES = YES;
				CODE_SIGN_STYLE = Automatic;
				CURRENT_PROJECT_VERSION = 1;
				DEFINES_MODULE = YES;
				DEVELOPMENT_TEAM = PGJV57GD94;
				DYLIB_COMPATIBILITY_VERSION = 1;
				DYLIB_CURRENT_VERSION = 1;
				DYLIB_INSTALL_NAME_BASE = "@rpath";
				GENERATE_INFOPLIST_FILE = YES;
				INFOPLIST_KEY_NSHumanReadableCopyright = "";
				INSTALL_PATH = "$(LOCAL_LIBRARY_DIR)/Frameworks";
				LD_RUNPATH_SEARCH_PATHS = (
					"$(inherited)",
					"@executable_path/Frameworks",
					"@loader_path/Frameworks",
				);
				MARKETING_VERSION = 1.0;
				PRODUCT_BUNDLE_IDENTIFIER = com.urbanairship.AirshipFrameworkProxy;
				PRODUCT_NAME = "$(TARGET_NAME:c99extidentifier)";
				SKIP_INSTALL = YES;
				SWIFT_EMIT_LOC_STRINGS = YES;
				SWIFT_OPTIMIZATION_LEVEL = "-Onone";
				SWIFT_STRICT_CONCURRENCY = complete;
				SWIFT_UPCOMING_FEATURE_CONCISE_MAGIC_FILE = YES;
				SWIFT_UPCOMING_FEATURE_DEPRECATE_APPLICATION_MAIN = YES;
				SWIFT_UPCOMING_FEATURE_DISABLE_OUTWARD_ACTOR_ISOLATION = YES;
				SWIFT_UPCOMING_FEATURE_EXISTENTIAL_ANY = YES;
				SWIFT_UPCOMING_FEATURE_FORWARD_TRAILING_CLOSURES = YES;
				SWIFT_UPCOMING_FEATURE_GLOBAL_CONCURRENCY = YES;
				SWIFT_UPCOMING_FEATURE_IMPLICIT_OPEN_EXISTENTIALS = YES;
				SWIFT_UPCOMING_FEATURE_IMPORT_OBJC_FORWARD_DECLS = YES;
				SWIFT_UPCOMING_FEATURE_INFER_SENDABLE_FROM_CAPTURES = YES;
				SWIFT_UPCOMING_FEATURE_INTERNAL_IMPORTS_BY_DEFAULT = YES;
				SWIFT_UPCOMING_FEATURE_ISOLATED_DEFAULT_VALUES = YES;
				SWIFT_UPCOMING_FEATURE_REGION_BASED_ISOLATION = YES;
				SWIFT_VERSION = 6.0;
				TARGETED_DEVICE_FAMILY = "1,2";
			};
			name = Debug;
		};
		6E142E60296E3A8800F71E23 /* Release */ = {
			isa = XCBuildConfiguration;
			buildSettings = {
				CLANG_ENABLE_MODULES = YES;
				CODE_SIGN_STYLE = Automatic;
				CURRENT_PROJECT_VERSION = 1;
				DEFINES_MODULE = YES;
				DEVELOPMENT_TEAM = PGJV57GD94;
				DYLIB_COMPATIBILITY_VERSION = 1;
				DYLIB_CURRENT_VERSION = 1;
				DYLIB_INSTALL_NAME_BASE = "@rpath";
				GENERATE_INFOPLIST_FILE = YES;
				INFOPLIST_KEY_NSHumanReadableCopyright = "";
				INSTALL_PATH = "$(LOCAL_LIBRARY_DIR)/Frameworks";
				LD_RUNPATH_SEARCH_PATHS = (
					"$(inherited)",
					"@executable_path/Frameworks",
					"@loader_path/Frameworks",
				);
				MARKETING_VERSION = 1.0;
				PRODUCT_BUNDLE_IDENTIFIER = com.urbanairship.AirshipFrameworkProxy;
				PRODUCT_NAME = "$(TARGET_NAME:c99extidentifier)";
				SKIP_INSTALL = YES;
				SWIFT_EMIT_LOC_STRINGS = YES;
				SWIFT_STRICT_CONCURRENCY = complete;
				SWIFT_UPCOMING_FEATURE_CONCISE_MAGIC_FILE = YES;
				SWIFT_UPCOMING_FEATURE_DEPRECATE_APPLICATION_MAIN = YES;
				SWIFT_UPCOMING_FEATURE_DISABLE_OUTWARD_ACTOR_ISOLATION = YES;
				SWIFT_UPCOMING_FEATURE_EXISTENTIAL_ANY = YES;
				SWIFT_UPCOMING_FEATURE_FORWARD_TRAILING_CLOSURES = YES;
				SWIFT_UPCOMING_FEATURE_GLOBAL_CONCURRENCY = YES;
				SWIFT_UPCOMING_FEATURE_IMPLICIT_OPEN_EXISTENTIALS = YES;
				SWIFT_UPCOMING_FEATURE_IMPORT_OBJC_FORWARD_DECLS = YES;
				SWIFT_UPCOMING_FEATURE_INFER_SENDABLE_FROM_CAPTURES = YES;
				SWIFT_UPCOMING_FEATURE_INTERNAL_IMPORTS_BY_DEFAULT = YES;
				SWIFT_UPCOMING_FEATURE_ISOLATED_DEFAULT_VALUES = YES;
				SWIFT_UPCOMING_FEATURE_REGION_BASED_ISOLATION = YES;
				SWIFT_VERSION = 6.0;
				TARGETED_DEVICE_FAMILY = "1,2";
			};
			name = Release;
		};
		6E142E62296E3A8800F71E23 /* Debug */ = {
			isa = XCBuildConfiguration;
			buildSettings = {
				ALWAYS_EMBED_SWIFT_STANDARD_LIBRARIES = YES;
				CODE_SIGN_STYLE = Automatic;
				CURRENT_PROJECT_VERSION = 1;
				DEVELOPMENT_TEAM = PGJV57GD94;
				GENERATE_INFOPLIST_FILE = YES;
				MARKETING_VERSION = 1.0;
				PRODUCT_BUNDLE_IDENTIFIER = com.urbanairship.AirshipFrameworkProxyTests;
				PRODUCT_NAME = "$(TARGET_NAME)";
				SWIFT_EMIT_LOC_STRINGS = NO;
				SWIFT_VERSION = 5.0;
				TARGETED_DEVICE_FAMILY = "1,2";
			};
			name = Debug;
		};
		6E142E63296E3A8800F71E23 /* Release */ = {
			isa = XCBuildConfiguration;
			buildSettings = {
				ALWAYS_EMBED_SWIFT_STANDARD_LIBRARIES = YES;
				CODE_SIGN_STYLE = Automatic;
				CURRENT_PROJECT_VERSION = 1;
				DEVELOPMENT_TEAM = PGJV57GD94;
				GENERATE_INFOPLIST_FILE = YES;
				MARKETING_VERSION = 1.0;
				PRODUCT_BUNDLE_IDENTIFIER = com.urbanairship.AirshipFrameworkProxyTests;
				PRODUCT_NAME = "$(TARGET_NAME)";
				SWIFT_EMIT_LOC_STRINGS = NO;
				SWIFT_VERSION = 5.0;
				TARGETED_DEVICE_FAMILY = "1,2";
			};
			name = Release;
		};
/* End XCBuildConfiguration section */

/* Begin XCConfigurationList section */
		6E142E46296E3A8800F71E23 /* Build configuration list for PBXProject "AirshipFrameworkProxy" */ = {
			isa = XCConfigurationList;
			buildConfigurations = (
				6E142E5C296E3A8800F71E23 /* Debug */,
				6E142E5D296E3A8800F71E23 /* Release */,
			);
			defaultConfigurationIsVisible = 0;
			defaultConfigurationName = Release;
		};
		6E142E5E296E3A8800F71E23 /* Build configuration list for PBXNativeTarget "AirshipFrameworkProxy" */ = {
			isa = XCConfigurationList;
			buildConfigurations = (
				6E142E5F296E3A8800F71E23 /* Debug */,
				6E142E60296E3A8800F71E23 /* Release */,
			);
			defaultConfigurationIsVisible = 0;
			defaultConfigurationName = Release;
		};
		6E142E61296E3A8800F71E23 /* Build configuration list for PBXNativeTarget "AirshipFrameworkProxyTests" */ = {
			isa = XCConfigurationList;
			buildConfigurations = (
				6E142E62296E3A8800F71E23 /* Debug */,
				6E142E63296E3A8800F71E23 /* Release */,
			);
			defaultConfigurationIsVisible = 0;
			defaultConfigurationName = Release;
		};
/* End XCConfigurationList section */

/* Begin XCRemoteSwiftPackageReference section */
		6E2F49AB2DC0282F00166873 /* XCRemoteSwiftPackageReference "ios-library" */ = {
			isa = XCRemoteSwiftPackageReference;
			repositoryURL = "https://github.com/urbanairship/ios-library";
			requirement = {
				kind = upToNextMajorVersion;
				minimumVersion = 20.0.0;
			};
		};
/* End XCRemoteSwiftPackageReference section */

/* Begin XCSwiftPackageProductDependency section */
		6E2F49AC2DC0282F00166873 /* AirshipAutomation */ = {
			isa = XCSwiftPackageProductDependency;
			package = 6E2F49AB2DC0282F00166873 /* XCRemoteSwiftPackageReference "ios-library" */;
			productName = AirshipAutomation;
		};
		6E2F49AE2DC0282F00166873 /* AirshipCore */ = {
			isa = XCSwiftPackageProductDependency;
			package = 6E2F49AB2DC0282F00166873 /* XCRemoteSwiftPackageReference "ios-library" */;
			productName = AirshipCore;
		};
		6E2F49B02DC0282F00166873 /* AirshipFeatureFlags */ = {
			isa = XCSwiftPackageProductDependency;
			package = 6E2F49AB2DC0282F00166873 /* XCRemoteSwiftPackageReference "ios-library" */;
			productName = AirshipFeatureFlags;
		};
		6E2F49B22DC0282F00166873 /* AirshipMessageCenter */ = {
			isa = XCSwiftPackageProductDependency;
			package = 6E2F49AB2DC0282F00166873 /* XCRemoteSwiftPackageReference "ios-library" */;
			productName = AirshipMessageCenter;
		};
		6E2F49B42DC0282F00166873 /* AirshipPreferenceCenter */ = {
			isa = XCSwiftPackageProductDependency;
			package = 6E2F49AB2DC0282F00166873 /* XCRemoteSwiftPackageReference "ios-library" */;
			productName = AirshipPreferenceCenter;
		};
/* End XCSwiftPackageProductDependency section */
	};
	rootObject = 6E142E43296E3A8800F71E23 /* Project object */;
}
